// !$*UTF8*$!
{
	archiveVersion = 1;
	classes = {
	};
	objectVersion = 46;
	objects = {

/* Begin PBXFileReference section */
		287D8E2E19DA5AB0000BB214 /* RCPasswordlessLogin.h */ = {isa = PBXFileReference; lastKnownFileType = sourcecode.c.h; path = RCPasswordlessLogin.h; sourceTree = "<group>"; };
		287D8E2F19DA5AB0000BB214 /* RCPasswordlessLogin.m */ = {isa = PBXFileReference; lastKnownFileType = sourcecode.c.objc; path = RCPasswordlessLogin.m; sourceTree = "<group>"; };
		287D8E3019DA5C3A000BB214 /* RCPasswordlessUser.h */ = {isa = PBXFileReference; lastKnownFileType = sourcecode.c.h; path = RCPasswordlessUser.h; sourceTree = "<group>"; };
		287D8E3119DA5C3A000BB214 /* RCPasswordlessUser.m */ = {isa = PBXFileReference; lastKnownFileType = sourcecode.c.objc; path = RCPasswordlessUser.m; sourceTree = "<group>"; };
/* End PBXFileReference section */

/* Begin PBXGroup section */
		287D8E2719DA5A84000BB214 = {
			isa = PBXGroup;
			children = (
				287D8E2E19DA5AB0000BB214 /* RCPasswordlessLogin.h */,
				287D8E2F19DA5AB0000BB214 /* RCPasswordlessLogin.m */,
				287D8E3019DA5C3A000BB214 /* RCPasswordlessUser.h */,
				287D8E3119DA5C3A000BB214 /* RCPasswordlessUser.m */,
			);
			sourceTree = "<group>";
		};
/* End PBXGroup section */

/* Begin PBXProject section */
		287D8E2819DA5A84000BB214 /* Project object */ = {
			isa = PBXProject;
			attributes = {
				LastUpgradeCheck = 0600;
			};
			buildConfigurationList = 287D8E2B19DA5A84000BB214 /* Build configuration list for PBXProject "RCLogin" */;
			compatibilityVersion = "Xcode 3.2";
			developmentRegion = English;
			hasScannedForEncodings = 0;
			knownRegions = (
				en,
			);
			mainGroup = 287D8E2719DA5A84000BB214;
			projectDirPath = "";
			projectRoot = "";
			targets = (
			);
		};
/* End PBXProject section */

/* Begin XCBuildConfiguration section */
		287D8E2C19DA5A84000BB214 /* Debug */ = {
			isa = XCBuildConfiguration;
			buildSettings = {
			};
			name = Debug;
		};
		287D8E2D19DA5A84000BB214 /* Release */ = {
			isa = XCBuildConfiguration;
			buildSettings = {
			};
			name = Release;
		};
/* End XCBuildConfiguration section */

/* Begin XCConfigurationList section */
		287D8E2B19DA5A84000BB214 /* Build configuration list for PBXProject "RCLogin" */ = {
			isa = XCConfigurationList;
			buildConfigurations = (
				287D8E2C19DA5A84000BB214 /* Debug */,
				287D8E2D19DA5A84000BB214 /* Release */,
			);
			defaultConfigurationIsVisible = 0;
			defaultConfigurationName = Release;
		};
/* End XCConfigurationList section */
	};
	rootObject = 287D8E2819DA5A84000BB214 /* Project object */;
}
